lockfileVersion: 5.3

specifiers:
  lua-types: ^2.10.1
  nvim-types: ^0.1.2
  typescript: 4.2.4
  typescript-to-lua: ^0.39.3

dependencies:
  nvim-types: 0.1.2

devDependencies:
  lua-types: 2.10.1
  typescript: 4.2.4
  typescript-to-lua: 0.39.3

packages:

  /function-bind/1.1.1:
    resolution: {integrity: sha512-yIovAzMX49sF8Yl58fSCWJ5svSLuaibPxXQJFLmBObTuCr0Mf1KiPopGM9NiFjiYBCbfaa2Fh6breQ6ANVTI0A==}
    dev: true

  /has/1.0.3:
    resolution: {integrity: sha512-f2dvO0VU6Oej7RkWJGrehjbzMAjFp5/VKPp5tTpWIV4JHHZK1/BxbFRtf/siA2SWTe09caDmVtYYzWEIbBS4zw==}
    engines: {node: '>= 0.4.0'}
    dependencies:
      function-bind: 1.1.1
    dev: true

  /is-core-module/2.4.0:
    resolution: {integrity: sha512-6A2fkfq1rfeQZjxrZJGerpLCTHRNEBiSgnu0+obeJpEPZRUooHgsizvzv0ZjJwOz3iWIHdJtVWJ/tmPr3D21/A==}
    dependencies:
      has: 1.0.3
    dev: true

  /lua-types/2.10.1:
    resolution: {integrity: sha512-Ai7L25I5kHZYGN5C3LALUse7Eus0k/kM9tEO2zwReG2Xuker0c+0e2M4iyfiEvlGOmBc7cDouqJ5lFwyg8JqiQ==}
    dependencies:
      typescript-to-lua: 0.39.3
    dev: true

  /nvim-types/0.1.2:
    resolution: {integrity: sha512-wW5Hs49hYO6FEVn8FBm442EC1DzfOu3nd7Zx3WtLLzKBlEwT59GHA6xRan8zI65fLLNPD0tkzLzyPWWk1jNo2A==}
    dev: false

  /path-parse/1.0.7:
    resolution: {integrity: sha512-LDJzPVEEEPR+y48z93A0Ed0yXb8pAByGWo/k5YYdYgpY2/2EsOsksJrq7lOHxryrVOn1ejG6oAp8ahvOIQD8sw==}
    dev: true

  /resolve/1.20.0:
    resolution: {integrity: sha512-wENBPt4ySzg4ybFQW2TT1zMQucPK95HSh/nq2CFTZVOGut2+pQvSsgtda4d26YrYcr067wjbmzOG8byDPBX63A==}
    dependencies:
      is-core-module: 2.4.0
      path-parse: 1.0.7
    dev: true

  /source-map/0.7.3:
    resolution: {integrity: sha512-CkCj6giN3S+n9qrYiBTX5gystlENnRW5jZeNLHpe6aue+SrHcG5VYwujhW9s4dY31mEGsxBDrHR6oI69fTXsaQ==}
    engines: {node: '>= 8'}
    dev: true

  /typescript-to-lua/0.39.3:
    resolution: {integrity: sha512-a9unziEbOc+sDT6ZeKLQV538WhX+rOaOCVjA/pvcjUs0oIESjEGM0HJnz/B3e1sUk/EtgU+b6bZKBcqKX1q4VQ==}
    engines: {node: '>=12.13.0'}
    hasBin: true
    dependencies:
      resolve: 1.20.0
      source-map: 0.7.3
      typescript: 4.2.4
    dev: true

  /typescript/4.2.4:
    resolution: {integrity: sha512-V+evlYHZnQkaz8TRBuxTA92yZBPotr5H+WhQ7bD3hZUndx5tGOa1fuCgeSjxAzM1RiN5IzvadIXTVefuuwZCRg==}
    engines: {node: '>=4.2.0'}
    hasBin: true
    dev: true

  /typescript/4.3.2:
    resolution: {integrity: sha512-zZ4hShnmnoVnAHpVHWpTcxdv7dWP60S2FsydQLV8V5PbS3FifjWFFRiHSWpDJahly88PRyV5teTSLoq4eG7mKw==}
    engines: {node: '>=4.2.0'}
    hasBin: true
    dev: true
